# This file is automatically @generated by Cargo.
# It is not intended for manual editing.
version = 4

[[package]]
name = "equivalent"
version = "1.0.2"
source = "registry+https://github.com/rust-lang/crates.io-index"
checksum = "877a4ace8713b0bcf2a4e7eec82529c029f1d0619886d18145fea96c3ffe5c0f"

[[package]]
name = "hashbrown"
version = "0.17.1"
source = "registry+https://github.com/rust-lang/crates.io-index"
checksum = "ed5909b6e89a2db4456e54cd5f673791d7eca6732202bbf2a9cc504fe2f9b84a"

[[package]]
name = "hexput-ast"
version = "0.1.0"
dependencies = [
 "hexput-shared",
]

[[package]]
name = "hexput-bin"
version = "0.1.0"
dependencies = [
 "hexput-cli-core",
 "hexput-daemon",
 "hexput-lsp-core",
]

[[package]]
name = "hexput-check"
version = "0.1.0"
dependencies = [
 "hexput-ast",
 "hexput-shared",
]

[[package]]
name = "hexput-cli-core"
version = "0.1.0"
dependencies = [
 "hexput-check",
 "hexput-interpreter",
 "hexput-lexer",
 "hexput-parser",
]

[[package]]
name = "hexput-config"
version = "0.1.0"
dependencies = [
 "hexput-shared",
]

[[package]]
name = "hexput-connection"
version = "0.1.0"
dependencies = [
 "hexput-session",
]

[[package]]
name = "hexput-daemon"
version = "0.1.0"
dependencies = [
 "hexput-config",
 "hexput-connection",
 "hexput-exec",
 "hexput-plugin",
 "hexput-script",
 "hexput-session",
 "hexput-transport",
]

[[package]]
name = "hexput-enforce"
version = "0.1.0"
dependencies = [
 "hexput-shared",
]

[[package]]
name = "hexput-exec"
version = "0.1.0"
dependencies = [
 "hexput-enforce",
 "hexput-globalvar",
 "hexput-interpreter",
 "hexput-rpc",
]

[[package]]
name = "hexput-globalvar"
version = "0.1.0"
dependencies = [
 "hexput-shared",
]

[[package]]
name = "hexput-grammar"
version = "0.1.0"

[[package]]
name = "hexput-interpreter"
version = "0.1.0"
dependencies = [
 "hexput-ast",
 "indexmap",
]

[[package]]
name = "hexput-lexer"
version = "0.1.0"
dependencies = [
 "hexput-shared",
]

[[package]]
name = "hexput-lsp-core"
version = "0.1.0"
dependencies = [
 "hexput-check",
 "hexput-lexer",
 "hexput-parser",
]

[[package]]
name = "hexput-parser"
version = "0.1.0"
dependencies = [
 "hexput-ast",
 "hexput-lexer",
]

[[package]]
name = "hexput-plugin"
version = "0.1.0"
dependencies = [
 "hexput-check",
 "hexput-exec",
 "hexput-globalvar",
 "hexput-parser",
]

[[package]]
name = "hexput-port"
version = "0.1.0"
dependencies = [
 "hexput-shared",
]

[[package]]
name = "hexput-rpc"
version = "0.1.0"
dependencies = [
 "hexput-port",
]

[[package]]
name = "hexput-script"
version = "0.1.0"
dependencies = [
 "hexput-check",
 "hexput-exec",
 "hexput-interpreter",
 "hexput-parser",
]

[[package]]
name = "hexput-session"
version = "0.1.0"
dependencies = [
 "hexput-globalvar",
 "hexput-port",
 "hexput-shared",
]

[[package]]
name = "hexput-shared"
version = "0.1.0"

[[package]]
name = "hexput-tests"
version = "0.1.0"
dependencies = [
 "hexput-ast",
 "hexput-interpreter",
 "hexput-lexer",
 "hexput-parser",
 "hexput-shared",
]

[[package]]
name = "hexput-transport"
version = "0.1.0"
dependencies = [
 "hexput-port",
]

[[package]]
name = "indexmap"
version = "2.14.2"
source = "registry+https://github.com/rust-lang/crates.io-index"
checksum = "cc4e190f5d26ca7051642629da2c52fc03bde85a03197c99408dcd291734c855"
dependencies = [
 "equivalent",
 "hashbrown",
]
